# THIS IS AN AUTOGENERATED FILE. DO NOT EDIT THIS FILE DIRECTLY.
# yarn lockfile v1


"@metaplex-foundation/mpl-token-metadata@^3.4.0":
  version "3.4.0"
  resolved "https://registry.yarnpkg.com/@metaplex-foundation/mpl-token-metadata/-/mpl-token-metadata-3.4.0.tgz#03a2ab3b90ac30973407565e07cc570c8897385d"
  integrity sha512-AxBAYCK73JWxY3g9//z/C9krkR0t1orXZDknUPS4+GjwGH2vgPfsk04yfZ31Htka2AdS9YE/3wH7sMUBHKn9Rg==
  dependencies:
    "@metaplex-foundation/mpl-toolbox" "^0.10.0"

"@metaplex-foundation/mpl-toolbox@^0.10.0":
  version "0.10.0"
  resolved "https://registry.yarnpkg.com/@metaplex-foundation/mpl-toolbox/-/mpl-toolbox-0.10.0.tgz#c7d2f27259e69ab86cc4b7dd55b7bfef11bbed13"
  integrity sha512-84KD1L5cFyw5xnntHwL4uPwfcrkKSiwuDeypiVr92qCUFuF3ZENa2zlFVPu+pQcjTlod2LmEX3MhBmNjRMpdKg==
